
Microsoft Visual Studio Solution File, Format Version 12.00
# Visual Studio Version 16
VisualStudioVersion = 16.0.31613.86
MinimumVisualStudioVersion = 10.0.40219.1
Project("{FAE04EC0-301F-11D3-BF4B-00C04F79EFBC}") = "menuuiXamarin.Android", "menuuiXamarin\menuuiXamarin.Android\menuuiXamarin.Android.csproj", "{C57EA9C9-C71A-4D0D-8C71-9B5F376F0640}"
EndProject
Project("{FAE04EC0-301F-11D3-BF4B-00C04F79EFBC}") = "menuuiXamarin.iOS", "menuuiXamarin\menuuiXamarin.iOS\menuuiXamarin.iOS.csproj", "{5A211CB8-A678-4B2E-8325-FD2E099F920A}"
EndProject
Project("{FAE04EC0-301F-11D3-BF4B-00C04F79EFBC}") = "menuuiXamarin", "menuuiXamarin\menuuiXamarin\menuuiXamarin.csproj", "{D8944216-E9C6-4773-B136-F55D6F31A300}"
EndProject
Global
	GlobalSection(SolutionConfigurationPlatforms) = preSolution
		Debug|Any CPU = Debug|Any CPU
		Debug|iPhone = Debug|iPhone
		Debug|iPhoneSimulator = Debug|iPhoneSimulator
		Release|Any CPU = Release|Any CPU
		Release|iPhone = Release|iPhone
		Release|iPhoneSimulator = Release|iPhoneSimulator
	EndGlobalSection
	GlobalSection(ProjectConfigurationPlatforms) = postSolution
		{C57EA9C9-C71A-4D0D-8C71-9B5F376F0640}.Debug|Any CPU.ActiveCfg = Debug|Any CPU
		{C57EA9C9-C71A-4D0D-8C71-9B5F376F0640}.Debug|Any CPU.Build.0 = Debug|Any CPU
		{C57EA9C9-C71A-4D0D-8C71-9B5F376F0640}.Debug|Any CPU.Deploy.0 = Debug|Any CPU
		{C57EA9C9-C71A-4D0D-8C71-9B5F376F0640}.Debug|iPhone.ActiveCfg = Debug|Any CPU
		{C57EA9C9-C71A-4D0D-8C71-9B5F376F0640}.Debug|iPhone.Build.0 = Debug|Any CPU
		{C57EA9C9-C71A-4D0D-8C71-9B5F376F0640}.Debug|iPhone.Deploy.0 = Debug|Any CPU
		{C57EA9C9-C71A-4D0D-8C71-9B5F376F0640}.Debug|iPhoneSimulator.ActiveCfg = Debug|Any CPU
		{C57EA9C9-C71A-4D0D-8C71-9B5F376F0640}.Debug|iPhoneSimulator.Build.0 = Debug|Any CPU
		{C57EA9C9-C71A-4D0D-8C71-9B5F376F0640}.Debug|iPhoneSimulator.Deploy.0 = Debug|Any CPU
		{C57EA9C9-C71A-4D0D-8C71-9B5F376F0640}.Release|Any CPU.ActiveCfg = Release|Any CPU
		{C57EA9C9-C71A-4D0D-8C71-9B5F376F0640}.Release|Any CPU.Build.0 = Release|Any CPU
		{C57EA9C9-C71A-4D0D-8C71-9B5F376F0640}.Release|Any CPU.Deploy.0 = Release|Any CPU
		{C57EA9C9-C71A-4D0D-8C71-9B5F376F0640}.Release|iPhone.ActiveCfg = Release|Any CPU
		{C57EA9C9-C71A-4D0D-8C71-9B5F376F0640}.Release|iPhone.Build.0 = Release|Any CPU
		{C57EA9C9-C71A-4D0D-8C71-9B5F376F0640}.Release|iPhone.Deploy.0 = Release|Any CPU
		{C57EA9C9-C71A-4D0D-8C71-9B5F376F0640}.Release|iPhoneSimulator.ActiveCfg = Release|Any CPU
		{C57EA9C9-C71A-4D0D-8C71-9B5F376F0640}.Release|iPhoneSimulator.Build.0 = Release|Any CPU
		{C57EA9C9-C71A-4D0D-8C71-9B5F376F0640}.Release|iPhoneSimulator.Deploy.0 = Release|Any CPU
		{5A211CB8-A678-4B2E-8325-FD2E099F920A}.Debug|Any CPU.ActiveCfg = Debug|iPhone
		{5A211CB8-A678-4B2E-8325-FD2E099F920A}.Debug|Any CPU.Build.0 = Debug|iPhone
		{5A211CB8-A678-4B2E-8325-FD2E099F920A}.Debug|Any CPU.Deploy.0 = Debug|iPhone
		{5A211CB8-A678-4B2E-8325-FD2E099F920A}.Debug|iPhone.ActiveCfg = Debug|iPhone
		{5A211CB8-A678-4B2E-8325-FD2E099F920A}.Debug|iPhone.Build.0 = Debug|iPhone
		{5A211CB8-A678-4B2E-8325-FD2E099F920A}.Debug|iPhone.Deploy.0 = Debug|iPhone
		{5A211CB8-A678-4B2E-8325-FD2E099F920A}.Debug|iPhoneSimulator.ActiveCfg = Debug|iPhoneSimulator
		{5A211CB8-A678-4B2E-8325-FD2E099F920A}.Debug|iPhoneSimulator.Build.0 = Debug|iPhoneSimulator
		{5A211CB8-A678-4B2E-8325-FD2E099F920A}.Debug|iPhoneSimulator.Deploy.0 = Debug|iPhoneSimulator
		{5A211CB8-A678-4B2E-8325-FD2E099F920A}.Release|Any CPU.ActiveCfg = Release|iPhoneSimulator
		{5A211CB8-A678-4B2E-8325-FD2E099F920A}.Release|Any CPU.Build.0 = Release|iPhoneSimulator
		{5A211CB8-A678-4B2E-8325-FD2E099F920A}.Release|Any CPU.Deploy.0 = Release|iPhoneSimulator
		{5A211CB8-A678-4B2E-8325-FD2E099F920A}.Release|iPhone.ActiveCfg = Release|iPhone
		{5A211CB8-A678-4B2E-8325-FD2E099F920A}.Release|iPhone.Build.0 = Release|iPhone
		{5A211CB8-A678-4B2E-8325-FD2E099F920A}.Release|iPhone.Deploy.0 = Release|iPhone
		{5A211CB8-A678-4B2E-8325-FD2E099F920A}.Release|iPhoneSimulator.ActiveCfg = Release|iPhoneSimulator
		{5A211CB8-A678-4B2E-8325-FD2E099F920A}.Release|iPhoneSimulator.Build.0 = Release|iPhoneSimulator
		{5A211CB8-A678-4B2E-8325-FD2E099F920A}.Release|iPhoneSimulator.Deploy.0 = Release|iPhoneSimulator
		{D8944216-E9C6-4773-B136-F55D6F31A300}.Debug|Any CPU.ActiveCfg = Debug|Any CPU
		{D8944216-E9C6-4773-B136-F55D6F31A300}.Debug|Any CPU.Build.0 = Debug|Any CPU
		{D8944216-E9C6-4773-B136-F55D6F31A300}.Debug|Any CPU.Deploy.0 = Debug|Any CPU
		{D8944216-E9C6-4773-B136-F55D6F31A300}.Debug|iPhone.ActiveCfg = Debug|Any CPU
		{D8944216-E9C6-4773-B136-F55D6F31A300}.Debug|iPhone.Build.0 = Debug|Any CPU
		{D8944216-E9C6-4773-B136-F55D6F31A300}.Debug|iPhone.Deploy.0 = Debug|Any CPU
		{D8944216-E9C6-4773-B136-F55D6F31A300}.Debug|iPhoneSimulator.ActiveCfg = Debug|Any CPU
		{D8944216-E9C6-4773-B136-F55D6F31A300}.Debug|iPhoneSimulator.Build.0 = Debug|Any CPU
		{D8944216-E9C6-4773-B136-F55D6F31A300}.Debug|iPhoneSimulator.Deploy.0 = Debug|Any CPU
		{D8944216-E9C6-4773-B136-F55D6F31A300}.Release|Any CPU.ActiveCfg = Release|Any CPU
		{D8944216-E9C6-4773-B136-F55D6F31A300}.Release|Any CPU.Build.0 = Release|Any CPU
		{D8944216-E9C6-4773-B136-F55D6F31A300}.Release|Any CPU.Deploy.0 = Release|Any CPU
		{D8944216-E9C6-4773-B136-F55D6F31A300}.Release|iPhone.ActiveCfg = Release|Any CPU
		{D8944216-E9C6-4773-B136-F55D6F31A300}.Release|iPhone.Build.0 = Release|Any CPU
		{D8944216-E9C6-4773-B136-F55D6F31A300}.Release|iPhone.Deploy.0 = Release|Any CPU
		{D8944216-E9C6-4773-B136-F55D6F31A300}.Release|iPhoneSimulator.ActiveCfg = Release|Any CPU
		{D8944216-E9C6-4773-B136-F55D6F31A300}.Release|iPhoneSimulator.Build.0 = Release|Any CPU
		{D8944216-E9C6-4773-B136-F55D6F31A300}.Release|iPhoneSimulator.Deploy.0 = Release|Any CPU
	EndGlobalSection
	GlobalSection(SolutionProperties) = preSolution
		HideSolutionNode = FALSE
	EndGlobalSection
	GlobalSection(ExtensibilityGlobals) = postSolution
		SolutionGuid = {F8CBC43E-23AF-433F-80D5-E9D980E8E53F}
	EndGlobalSection
EndGlobal
